{
  "lockfileVersion": 1,
  "configVersion": 0,
  "workspaces": {
    "": {
      "name": "bpl3-vscode",
      "dependencies": {
        "peggy": "^5.0.6",
        "vscode-languageclient": "^8.1.0",
        "vscode-languageserver": "^8.1.0",
        "vscode-languageserver-textdocument": "^1.0.8",
      },
      "devDependencies": {
        "@types/node": "^16.11.7",
        "@types/vscode": "^1.75.0",
        "typescript": "^4.9.5",
      },
    },
  },
  "packages": {
    "@peggyjs/from-mem": ["@peggyjs/from-mem@3.1.1", "", { "dependencies": { "semver": "7.7.2" } }, "sha512-m5OEjgJaePWpyNtQCvRZkpLoV+z44eh6QIO9yEwQuOThdUdkECO3wcKLT3tFA3H8WM5bxU/K/dpmo7r/X16UEw=="],

    "@types/node": ["@types/node@16.18.126", "", {}, ""],

    "@types/vscode": ["@types/vscode@1.107.0", "", {}, ""],

    "balanced-match": ["balanced-match@1.0.2", "", {}, ""],

    "brace-expansion": ["brace-expansion@2.0.2", "", { "dependencies": { "balanced-match": "^1.0.0" } }, ""],

    "commander": ["commander@14.0.2", "", {}, "sha512-TywoWNNRbhoD0BXs1P3ZEScW8W5iKrnbithIl0YH+uCmBd0QpPOA8yc82DS3BIE5Ma6FnBVUsJ7wVUDz4dvOWQ=="],

    "minimatch": ["minimatch@5.1.6", "", { "dependencies": { "brace-expansion": "^2.0.1" } }, ""],

    "peggy": ["peggy@5.0.6", "", { "dependencies": { "@peggyjs/from-mem": "3.1.1", "commander": "^14.0.0", "source-map-generator": "2.0.2" }, "bin": "bin/peggy.js" }, "sha512-Sud8Zus0JAgE+U4zwkJv29OOaXhviFI7J90/6cGfy3OoqR8dpnieeF9a46dj0bTtqiFnrFatldA6ltQyOJvNmg=="],

    "semver": ["semver@7.7.3", "", { "bin": "bin/semver.js" }, ""],

    "source-map-generator": ["source-map-generator@2.0.2", "", {}, "sha512-unCl5BQhF/us51DiT7SvlSY3QUPhyfAdHJxd8l7FXdwzqxli0UDMV2dEuei2SeGp3Z4rB/AJ9zKi1mGOp2K2ww=="],

    "typescript": ["typescript@4.9.5", "", { "bin": { "tsc": "bin/tsc", "tsserver": "bin/tsserver" } }, ""],

    "vscode-jsonrpc": ["vscode-jsonrpc@8.1.0", "", {}, ""],

    "vscode-languageclient": ["vscode-languageclient@8.1.0", "", { "dependencies": { "minimatch": "^5.1.0", "semver": "^7.3.7", "vscode-languageserver-protocol": "3.17.3" } }, ""],

    "vscode-languageserver": ["vscode-languageserver@8.1.0", "", { "dependencies": { "vscode-languageserver-protocol": "3.17.3" }, "bin": { "installServerIntoExtension": "bin/installServerIntoExtension" } }, ""],

    "vscode-languageserver-protocol": ["vscode-languageserver-protocol@3.17.3", "", { "dependencies": { "vscode-jsonrpc": "8.1.0", "vscode-languageserver-types": "3.17.3" } }, ""],

    "vscode-languageserver-textdocument": ["vscode-languageserver-textdocument@1.0.12", "", {}, ""],

    "vscode-languageserver-types": ["vscode-languageserver-types@3.17.3", "", {}, ""],

    "@peggyjs/from-mem/semver": ["semver@7.7.2", "", { "bin": "bin/semver.js" }, "sha512-RF0Fw+rO5AMf9MAyaRXI4AV0Ulj5lMHqVxxdSgiVbixSCXoEmmX/jk0CuJw4+3SqroYO9VoUh+HcuJivvtJemA=="],
  }
}
